
Microsoft Visual Studio Solution File, Format Version 12.00
# Visual Studio Version 17
VisualStudioVersion = 17.9.34728.123
MinimumVisualStudioVersion = 10.0.40219.1
Project("{8BC9CEB8-8B4A-11D0-8D11-00A0C91BC942}") = "RGBD2VR_Algo_Tester", "RGBD2VR_Algo_Tester\RGBD2VR_Algo_Tester.vcxproj", "{D127320D-7BF0-4FF8-9A65-65B235E5CC6C}"
EndProject
Project("{8BC9CEB8-8B4A-11D0-8D11-00A0C91BC942}") = "RGBD2VR_V12", "RGBD2VR_V12\RGBD2VR_V12.vcxproj", "{E1C4B0BF-078C-49EF-B4C1-FA08C875DF0F}"
EndProject
Project("{8BC9CEB8-8B4A-11D0-8D11-00A0C91BC942}") = "RGBD2VR_V13", "RGBD2VR_V13\RGBD2VR_V13.vcxproj", "{3AC9900B-B40A-4F85-816D-B9950B00412A}"
EndProject
Project("{8BC9CEB8-8B4A-11D0-8D11-00A0C91BC942}") = "RGBD2VR_V1303_BkGlnd", "RGBD2VR_V1303_BkGlnd\RGBD2VR_V1303_BkGlnd.vcxproj", "{5FB7BFEE-A347-439E-AE85-85FBCB806498}"
EndProject
Project("{8BC9CEB8-8B4A-11D0-8D11-00A0C91BC942}") = "RGBD2VR_V14", "RGBD2VR_V14\RGBD2VR_V14.vcxproj", "{8A76525A-6E93-4B44-A919-FE84F276BBBB}"
EndProject
Project("{8BC9CEB8-8B4A-11D0-8D11-00A0C91BC942}") = "RGBD2VR_V14_BkGlnd", "RGBD2VR_V14_BkGlnd\RGBD2VR_V14_BkGlnd.vcxproj", "{C048E4F9-F678-45DB-B2C4-E0F71E5DDC3B}"
EndProject
Project("{8BC9CEB8-8B4A-11D0-8D11-00A0C91BC942}") = "RGBD2VR_V15_BkGlnd", "RGBD2VR_V15_BkGlnd\RGBD2VR_V15_BkGlnd.vcxproj", "{DD7D4D23-0131-4BE5-9445-B4A78B6CF850}"
EndProject
Project("{8BC9CEB8-8B4A-11D0-8D11-00A0C91BC942}") = "RGBD2VR_V16_BkGlnd", "RGBD2VR_V16_BkGlnd\RGBD2VR_V16_BkGlnd.vcxproj", "{FFB2D805-97DC-40AF-9558-DA3F282BCEC8}"
EndProject
Global
	GlobalSection(SolutionConfigurationPlatforms) = preSolution
		Debug|x64 = Debug|x64
		Debug|x86 = Debug|x86
		Release|x64 = Release|x64
		Release|x86 = Release|x86
	EndGlobalSection
	GlobalSection(ProjectConfigurationPlatforms) = postSolution
		{D127320D-7BF0-4FF8-9A65-65B235E5CC6C}.Debug|x64.ActiveCfg = Debug|x64
		{D127320D-7BF0-4FF8-9A65-65B235E5CC6C}.Debug|x64.Build.0 = Debug|x64
		{D127320D-7BF0-4FF8-9A65-65B235E5CC6C}.Debug|x86.ActiveCfg = Debug|Win32
		{D127320D-7BF0-4FF8-9A65-65B235E5CC6C}.Debug|x86.Build.0 = Debug|Win32
		{D127320D-7BF0-4FF8-9A65-65B235E5CC6C}.Release|x64.ActiveCfg = Release|x64
		{D127320D-7BF0-4FF8-9A65-65B235E5CC6C}.Release|x64.Build.0 = Release|x64
		{D127320D-7BF0-4FF8-9A65-65B235E5CC6C}.Release|x86.ActiveCfg = Release|Win32
		{D127320D-7BF0-4FF8-9A65-65B235E5CC6C}.Release|x86.Build.0 = Release|Win32
		{E1C4B0BF-078C-49EF-B4C1-FA08C875DF0F}.Debug|x64.ActiveCfg = Debug|x64
		{E1C4B0BF-078C-49EF-B4C1-FA08C875DF0F}.Debug|x64.Build.0 = Debug|x64
		{E1C4B0BF-078C-49EF-B4C1-FA08C875DF0F}.Debug|x86.ActiveCfg = Debug|Win32
		{E1C4B0BF-078C-49EF-B4C1-FA08C875DF0F}.Debug|x86.Build.0 = Debug|Win32
		{E1C4B0BF-078C-49EF-B4C1-FA08C875DF0F}.Release|x64.ActiveCfg = Release|x64
		{E1C4B0BF-078C-49EF-B4C1-FA08C875DF0F}.Release|x64.Build.0 = Release|x64
		{E1C4B0BF-078C-49EF-B4C1-FA08C875DF0F}.Release|x86.ActiveCfg = Release|Win32
		{E1C4B0BF-078C-49EF-B4C1-FA08C875DF0F}.Release|x86.Build.0 = Release|Win32
		{3AC9900B-B40A-4F85-816D-B9950B00412A}.Debug|x64.ActiveCfg = Debug|x64
		{3AC9900B-B40A-4F85-816D-B9950B00412A}.Debug|x64.Build.0 = Debug|x64
		{3AC9900B-B40A-4F85-816D-B9950B00412A}.Debug|x86.ActiveCfg = Debug|Win32
		{3AC9900B-B40A-4F85-816D-B9950B00412A}.Debug|x86.Build.0 = Debug|Win32
		{3AC9900B-B40A-4F85-816D-B9950B00412A}.Release|x64.ActiveCfg = Release|x64
		{3AC9900B-B40A-4F85-816D-B9950B00412A}.Release|x64.Build.0 = Release|x64
		{3AC9900B-B40A-4F85-816D-B9950B00412A}.Release|x86.ActiveCfg = Release|Win32
		{3AC9900B-B40A-4F85-816D-B9950B00412A}.Release|x86.Build.0 = Release|Win32
		{5FB7BFEE-A347-439E-AE85-85FBCB806498}.Debug|x64.ActiveCfg = Debug|x64
		{5FB7BFEE-A347-439E-AE85-85FBCB806498}.Debug|x64.Build.0 = Debug|x64
		{5FB7BFEE-A347-439E-AE85-85FBCB806498}.Debug|x86.ActiveCfg = Debug|Win32
		{5FB7BFEE-A347-439E-AE85-85FBCB806498}.Debug|x86.Build.0 = Debug|Win32
		{5FB7BFEE-A347-439E-AE85-85FBCB806498}.Release|x64.ActiveCfg = Release|x64
		{5FB7BFEE-A347-439E-AE85-85FBCB806498}.Release|x64.Build.0 = Release|x64
		{5FB7BFEE-A347-439E-AE85-85FBCB806498}.Release|x86.ActiveCfg = Release|Win32
		{5FB7BFEE-A347-439E-AE85-85FBCB806498}.Release|x86.Build.0 = Release|Win32
		{8A76525A-6E93-4B44-A919-FE84F276BBBB}.Debug|x64.ActiveCfg = Debug|x64
		{8A76525A-6E93-4B44-A919-FE84F276BBBB}.Debug|x64.Build.0 = Debug|x64
		{8A76525A-6E93-4B44-A919-FE84F276BBBB}.Debug|x86.ActiveCfg = Debug|Win32
		{8A76525A-6E93-4B44-A919-FE84F276BBBB}.Debug|x86.Build.0 = Debug|Win32
		{8A76525A-6E93-4B44-A919-FE84F276BBBB}.Release|x64.ActiveCfg = Release|x64
		{8A76525A-6E93-4B44-A919-FE84F276BBBB}.Release|x64.Build.0 = Release|x64
		{8A76525A-6E93-4B44-A919-FE84F276BBBB}.Release|x86.ActiveCfg = Release|Win32
		{8A76525A-6E93-4B44-A919-FE84F276BBBB}.Release|x86.Build.0 = Release|Win32
		{C048E4F9-F678-45DB-B2C4-E0F71E5DDC3B}.Debug|x64.ActiveCfg = Debug|x64
		{C048E4F9-F678-45DB-B2C4-E0F71E5DDC3B}.Debug|x64.Build.0 = Debug|x64
		{C048E4F9-F678-45DB-B2C4-E0F71E5DDC3B}.Debug|x86.ActiveCfg = Debug|Win32
		{C048E4F9-F678-45DB-B2C4-E0F71E5DDC3B}.Debug|x86.Build.0 = Debug|Win32
		{C048E4F9-F678-45DB-B2C4-E0F71E5DDC3B}.Release|x64.ActiveCfg = Release|x64
		{C048E4F9-F678-45DB-B2C4-E0F71E5DDC3B}.Release|x64.Build.0 = Release|x64
		{C048E4F9-F678-45DB-B2C4-E0F71E5DDC3B}.Release|x86.ActiveCfg = Release|Win32
		{C048E4F9-F678-45DB-B2C4-E0F71E5DDC3B}.Release|x86.Build.0 = Release|Win32
		{DD7D4D23-0131-4BE5-9445-B4A78B6CF850}.Debug|x64.ActiveCfg = Debug|x64
		{DD7D4D23-0131-4BE5-9445-B4A78B6CF850}.Debug|x64.Build.0 = Debug|x64
		{DD7D4D23-0131-4BE5-9445-B4A78B6CF850}.Debug|x86.ActiveCfg = Debug|Win32
		{DD7D4D23-0131-4BE5-9445-B4A78B6CF850}.Debug|x86.Build.0 = Debug|Win32
		{DD7D4D23-0131-4BE5-9445-B4A78B6CF850}.Release|x64.ActiveCfg = Release|x64
		{DD7D4D23-0131-4BE5-9445-B4A78B6CF850}.Release|x64.Build.0 = Release|x64
		{DD7D4D23-0131-4BE5-9445-B4A78B6CF850}.Release|x86.ActiveCfg = Release|Win32
		{DD7D4D23-0131-4BE5-9445-B4A78B6CF850}.Release|x86.Build.0 = Release|Win32
		{FFB2D805-97DC-40AF-9558-DA3F282BCEC8}.Debug|x64.ActiveCfg = Debug|x64
		{FFB2D805-97DC-40AF-9558-DA3F282BCEC8}.Debug|x64.Build.0 = Debug|x64
		{FFB2D805-97DC-40AF-9558-DA3F282BCEC8}.Debug|x86.ActiveCfg = Debug|Win32
		{FFB2D805-97DC-40AF-9558-DA3F282BCEC8}.Debug|x86.Build.0 = Debug|Win32
		{FFB2D805-97DC-40AF-9558-DA3F282BCEC8}.Release|x64.ActiveCfg = Release|x64
		{FFB2D805-97DC-40AF-9558-DA3F282BCEC8}.Release|x64.Build.0 = Release|x64
		{FFB2D805-97DC-40AF-9558-DA3F282BCEC8}.Release|x86.ActiveCfg = Release|Win32
		{FFB2D805-97DC-40AF-9558-DA3F282BCEC8}.Release|x86.Build.0 = Release|Win32
	EndGlobalSection
	GlobalSection(SolutionProperties) = preSolution
		HideSolutionNode = FALSE
	EndGlobalSection
	GlobalSection(ExtensibilityGlobals) = postSolution
		SolutionGuid = {97C481DA-6225-4547-B37C-20745AE8CAEA}
	EndGlobalSection
EndGlobal
